
Microsoft Visual Studio Solution File, Format Version 12.00
# Visual Studio Version 16
VisualStudioVersion = 16.0.30621.155
MinimumVisualStudioVersion = 10.0.40219.1
Project("{FAE04EC0-301F-11D3-BF4B-00C04F79EFBC}") = "DotNETAssemblyGrapher", "DotNETAssemblyGrapher\DotNETAssemblyGrapher.csproj", "{2CDDE825-086C-404D-9EBC-EF743954BA55}"
EndProject
Project("{FAE04EC0-301F-11D3-BF4B-00C04F79EFBC}") = "DotNETAssemblyGrapher.Application", "DotNETAssemblyGrapher.Application\DotNETAssemblyGrapher.Application.csproj", "{CD93FCBB-FFB0-4207-AB08-F5B1E831CF0F}"
EndProject
Project("{FAE04EC0-301F-11D3-BF4B-00C04F79EFBC}") = "DotNETAssemblyGrapher.Model", "DotNETAssemblyGrapher.Model\DotNETAssemblyGrapher.Model.csproj", "{287061C2-7772-49AA-BBAE-1D85D3726578}"
EndProject
Project("{2150E333-8FDC-42A3-9474-1A3956D46DE8}") = "Documentation", "Documentation", "{F01BA062-5B90-4A2B-918B-A074C22E2AE2}"
	ProjectSection(SolutionItems) = preProject
		..\demoExcelSpec.xlsx = ..\demoExcelSpec.xlsx
		..\demoJSONSpec.json = ..\demoJSONSpec.json
		..\README.md = ..\README.md
	EndProjectSection
EndProject
Global
	GlobalSection(SolutionConfigurationPlatforms) = preSolution
		Debug|Any CPU = Debug|Any CPU
		Debug|x64 = Debug|x64
		Release|Any CPU = Release|Any CPU
		Release|x64 = Release|x64
	EndGlobalSection
	GlobalSection(ProjectConfigurationPlatforms) = postSolution
		{2CDDE825-086C-404D-9EBC-EF743954BA55}.Debug|Any CPU.ActiveCfg = Debug|Any CPU
		{2CDDE825-086C-404D-9EBC-EF743954BA55}.Debug|Any CPU.Build.0 = Debug|Any CPU
		{2CDDE825-086C-404D-9EBC-EF743954BA55}.Debug|x64.ActiveCfg = Debug|x64
		{2CDDE825-086C-404D-9EBC-EF743954BA55}.Debug|x64.Build.0 = Debug|x64
		{2CDDE825-086C-404D-9EBC-EF743954BA55}.Release|Any CPU.ActiveCfg = Release|Any CPU
		{2CDDE825-086C-404D-9EBC-EF743954BA55}.Release|Any CPU.Build.0 = Release|Any CPU
		{2CDDE825-086C-404D-9EBC-EF743954BA55}.Release|x64.ActiveCfg = Release|x64
		{2CDDE825-086C-404D-9EBC-EF743954BA55}.Release|x64.Build.0 = Release|x64
		{CD93FCBB-FFB0-4207-AB08-F5B1E831CF0F}.Debug|Any CPU.ActiveCfg = Debug|Any CPU
		{CD93FCBB-FFB0-4207-AB08-F5B1E831CF0F}.Debug|Any CPU.Build.0 = Debug|Any CPU
		{CD93FCBB-FFB0-4207-AB08-F5B1E831CF0F}.Debug|x64.ActiveCfg = Debug|x64
		{CD93FCBB-FFB0-4207-AB08-F5B1E831CF0F}.Debug|x64.Build.0 = Debug|x64
		{CD93FCBB-FFB0-4207-AB08-F5B1E831CF0F}.Release|Any CPU.ActiveCfg = Release|Any CPU
		{CD93FCBB-FFB0-4207-AB08-F5B1E831CF0F}.Release|Any CPU.Build.0 = Release|Any CPU
		{CD93FCBB-FFB0-4207-AB08-F5B1E831CF0F}.Release|x64.ActiveCfg = Release|x64
		{CD93FCBB-FFB0-4207-AB08-F5B1E831CF0F}.Release|x64.Build.0 = Release|x64
		{287061C2-7772-49AA-BBAE-1D85D3726578}.Debug|Any CPU.ActiveCfg = Debug|Any CPU
		{287061C2-7772-49AA-BBAE-1D85D3726578}.Debug|Any CPU.Build.0 = Debug|Any CPU
		{287061C2-7772-49AA-BBAE-1D85D3726578}.Debug|x64.ActiveCfg = Debug|x64
		{287061C2-7772-49AA-BBAE-1D85D3726578}.Debug|x64.Build.0 = Debug|x64
		{287061C2-7772-49AA-BBAE-1D85D3726578}.Release|Any CPU.ActiveCfg = Release|Any CPU
		{287061C2-7772-49AA-BBAE-1D85D3726578}.Release|Any CPU.Build.0 = Release|Any CPU
		{287061C2-7772-49AA-BBAE-1D85D3726578}.Release|x64.ActiveCfg = Release|x64
		{287061C2-7772-49AA-BBAE-1D85D3726578}.Release|x64.Build.0 = Release|x64
	EndGlobalSection
	GlobalSection(SolutionProperties) = preSolution
		HideSolutionNode = FALSE
	EndGlobalSection
	GlobalSection(ExtensibilityGlobals) = postSolution
		SolutionGuid = {3B515E93-032C-4A7D-8C97-8D0E62E46E2C}
	EndGlobalSection
EndGlobal
